
Microsoft Visual Studio Solution File, Format Version 12.00
# Visual Studio 14
VisualStudioVersion = 14.0.25420.1
MinimumVisualStudioVersion = 10.0.40219.1
Project("{00D1A9C2-B5F0-4AF3-8072-F6C62B433612}") = "EmployeeEvaluationSystem.Database", "EmployeeEvaluationSystem.Database\EmployeeEvaluationSystem.Database.sqlproj", "{5F5869A3-B712-408C-9B97-767A1BC5A001}"
EndProject
Project("{FAE04EC0-301F-11D3-BF4B-00C04F79EFBC}") = "EmployeeEvaluationSystem.MVC", "EmployeeEvaluationSystem.MVC\EmployeeEvaluationSystem.MVC.csproj", "{B36B9335-3A75-44B5-94A2-1352093FAD7F}"
EndProject
Project("{FAE04EC0-301F-11D3-BF4B-00C04F79EFBC}") = "EmployeeEvaluationSystem.Tests", "EmployeeEvaluationSystem.Tests\EmployeeEvaluationSystem.Tests.csproj", "{9634DAEE-7F35-4C00-9143-6181702368FB}"
EndProject
Global
	GlobalSection(SolutionConfigurationPlatforms) = preSolution
		Debug|Any CPU = Debug|Any CPU
		Release|Any CPU = Release|Any CPU
	EndGlobalSection
	GlobalSection(ProjectConfigurationPlatforms) = postSolution
		{5F5869A3-B712-408C-9B97-767A1BC5A001}.Debug|Any CPU.ActiveCfg = Debug|Any CPU
		{5F5869A3-B712-408C-9B97-767A1BC5A001}.Debug|Any CPU.Build.0 = Debug|Any CPU
		{5F5869A3-B712-408C-9B97-767A1BC5A001}.Debug|Any CPU.Deploy.0 = Debug|Any CPU
		{5F5869A3-B712-408C-9B97-767A1BC5A001}.Release|Any CPU.ActiveCfg = Release|Any CPU
		{5F5869A3-B712-408C-9B97-767A1BC5A001}.Release|Any CPU.Build.0 = Release|Any CPU
		{5F5869A3-B712-408C-9B97-767A1BC5A001}.Release|Any CPU.Deploy.0 = Release|Any CPU
		{B36B9335-3A75-44B5-94A2-1352093FAD7F}.Debug|Any CPU.ActiveCfg = Debug|Any CPU
		{B36B9335-3A75-44B5-94A2-1352093FAD7F}.Debug|Any CPU.Build.0 = Debug|Any CPU
		{B36B9335-3A75-44B5-94A2-1352093FAD7F}.Release|Any CPU.ActiveCfg = Release|Any CPU
		{B36B9335-3A75-44B5-94A2-1352093FAD7F}.Release|Any CPU.Build.0 = Release|Any CPU
		{9634DAEE-7F35-4C00-9143-6181702368FB}.Debug|Any CPU.ActiveCfg = Debug|Any CPU
		{9634DAEE-7F35-4C00-9143-6181702368FB}.Debug|Any CPU.Build.0 = Debug|Any CPU
		{9634DAEE-7F35-4C00-9143-6181702368FB}.Release|Any CPU.ActiveCfg = Release|Any CPU
		{9634DAEE-7F35-4C00-9143-6181702368FB}.Release|Any CPU.Build.0 = Release|Any CPU
	EndGlobalSection
	GlobalSection(SolutionProperties) = preSolution
		HideSolutionNode = FALSE
	EndGlobalSection
EndGlobal
